
Microsoft Visual Studio Solution File, Format Version 12.00
# Visual Studio Version 17
VisualStudioVersion = 17.7.34221.43
MinimumVisualStudioVersion = 10.0.40219.1
Project("{FAE04EC0-301F-11D3-BF4B-00C04F79EFBC}") = "Backend", "Backend.csproj", "{2083D52C-5525-4EF9-924B-6F5F14E60585}"
EndProject
Global
	GlobalSection(SolutionConfigurationPlatforms) = preSolution
		Debug|Any CPU = Debug|Any CPU
		Release|Any CPU = Release|Any CPU
	EndGlobalSection
	GlobalSection(ProjectConfigurationPlatforms) = postSolution
		{2083D52C-5525-4EF9-924B-6F5F14E60585}.Debug|Any CPU.ActiveCfg = Debug|Any CPU
		{2083D52C-5525-4EF9-924B-6F5F14E60585}.Debug|Any CPU.Build.0 = Debug|Any CPU
		{2083D52C-5525-4EF9-924B-6F5F14E60585}.Release|Any CPU.ActiveCfg = Release|Any CPU
		{2083D52C-5525-4EF9-924B-6F5F14E60585}.Release|Any CPU.Build.0 = Release|Any CPU
	EndGlobalSection
	GlobalSection(SolutionProperties) = preSolution
		HideSolutionNode = FALSE
	EndGlobalSection
	GlobalSection(ExtensibilityGlobals) = postSolution
		SolutionGuid = {9B0C7AA5-A15D-4FC1-9CA3-755478B3973D}
	EndGlobalSection
EndGlobal
